{
  "name": "zenn-content",
  "version": "1.0.0",
  "lockfileVersion": 3,
  "requires": true,
  "packages": {
    "": {
      "name": "zenn-content",
      "version": "1.0.0",
      "license": "ISC",
      "dependencies": {
        "zenn-cli": "^0.2.7"
      }
    },
    "node_modules/zenn-cli": {
      "version": "0.2.7",
      "resolved": "https://registry.npmjs.org/zenn-cli/-/zenn-cli-0.2.7.tgz",
      "integrity": "sha512-IUR1RSUHOPpVoT5IBmINZQrbzpHwHYmmlnCnOjsqFt6tUpgNJFxMc91iUpeqrIbhvHQ5AAsy+TqXEEsMhs3dlA==",
      "license": "MIT",
      "bin": {
        "zenn": "dist/server/zenn.js"
      },
      "engines": {
        "node": ">=22.0.0"
      }
    }
  }
}
